
Microsoft Visual Studio Solution File, Format Version 12.00
# Visual Studio 2012
Project("{FAE04EC0-301F-11D3-BF4B-00C04F79EFBC}") = "AplWebAula4_Intermediario", "AplWebAula4_Intermediario\AplWebAula4_Intermediario.csproj", "{91279713-BB89-4DF0-B144-4285CA46AC5B}"
EndProject
Global
	GlobalSection(SolutionConfigurationPlatforms) = preSolution
		Debug|Any CPU = Debug|Any CPU
		Release|Any CPU = Release|Any CPU
	EndGlobalSection
	GlobalSection(ProjectConfigurationPlatforms) = postSolution
		{91279713-BB89-4DF0-B144-4285CA46AC5B}.Debug|Any CPU.ActiveCfg = Debug|Any CPU
		{91279713-BB89-4DF0-B144-4285CA46AC5B}.Debug|Any CPU.Build.0 = Debug|Any CPU
		{91279713-BB89-4DF0-B144-4285CA46AC5B}.Release|Any CPU.ActiveCfg = Release|Any CPU
		{91279713-BB89-4DF0-B144-4285CA46AC5B}.Release|Any CPU.Build.0 = Release|Any CPU
	EndGlobalSection
	GlobalSection(SolutionProperties) = preSolution
		HideSolutionNode = FALSE
	EndGlobalSection
EndGlobal
